{
	"archiveVersion": "1",
	"classes": {},
	"objectVersion": "54",
	"objects": {
		"04DE56FB-675C-4C93-8FB0-26A9C7351004": {
			"fileEncoding": "4",
			"isa": "PBXFileReference",
			"lastKnownFileType": "sourcecode.cpp.h",
			"name": "LiveClient.hpp",
			"path": "../../../addons/ofxAudioAnalysisClient/src/LiveClient.hpp",
			"sourceTree": "SOURCE_ROOT"
		},
		"061A7A48-A8EC-4CC2-A5C5-406417FCD0BA": {
			"fileEncoding": "4",
			"isa": "PBXFileReference",
			"lastKnownFileType": "sourcecode.cpp.h",
			"name": "PacketListener.h",
			"path": "../../../addons/ofxOsc/libs/oscpack/src/ip/PacketListener.h",
			"sourceTree": "SOURCE_ROOT"
		},
		"06B7FA10-D667-4E57-B06F-2E71440428F5": {
			"fileRef": "3FECF23E-6DC3-4F0A-A461-B4003756B6B2",
			"isa": "PBXBuildFile"
		},
		"0A3688CD-73A1-4999-8328-63861615E62E": {
			"children": [
				"39C93763-AA59-4B4F-A9EE-B308ED16970D",
				"C6F121B0-8551-4AF8-93F1-43BA0548C426",
				"12752943-8C95-437E-8082-4B4F3B56D208",
				"41A59007-9D8C-476A-A821-7277EFA5276C",
				"4FCAAA99-54ED-4DFC-BC6C-333E529F4EB4",
				"04DE56FB-675C-4C93-8FB0-26A9C7351004",
				"16B433AE-B2DC-45F5-8829-B3C22F44A99B"
			],
			"isa": "PBXGroup",
			"name": "src",
			"sourceTree": "SOURCE_ROOT"
		},
		"0B92C4FB-8234-4BA9-8ECC-3337437F9FE2": {
			"fileEncoding": "4",
			"isa": "PBXFileReference",
			"lastKnownFileType": "sourcecode.cpp.h",
			"name": "ofxOscReceiver.h",
			"path": "../../../addons/ofxOsc/src/ofxOscReceiver.h",
			"sourceTree": "SOURCE_ROOT"
		},
		"0C963490-2111-40B2-91CE-0A130F8334D5": {
			"children": [
				"20F7FA14-5226-4F0E-BEFC-25808964EEDC"
			],
			"isa": "PBXGroup",
			"name": "libs",
			"sourceTree": "SOURCE_ROOT"
		},
		"0D63BDD1-8671-499C-9781-79AE7DC91D4E": {
			"children": [
				"AB092F0D-485F-4307-8755-CFC2068B1B26"
			],
			"isa": "PBXGroup",
			"name": "ofxRenderer",
			"sourceTree": "SOURCE_ROOT"
		},
		"0D6C3E40-8388-4343-B29E-21058627538F": {
			"fileEncoding": "4",
			"isa": "PBXFileReference",
			"lastKnownFileType": "sourcecode.cpp.h",
			"name": "ofxHistoryPlot.h",
			"path": "../../../addons/ofxHistoryPlot/src/ofxHistoryPlot.h",
			"sourceTree": "SOURCE_ROOT"
		},
		"0D7F2A9B-CB16-49FD-A626-AB8D838A4EB8": {
			"fileEncoding": "4",
			"isa": "PBXFileReference",
			"lastKnownFileType": "sourcecode.cpp.cpp",
			"name": "Plots.cpp",
			"path": "../../../addons/ofxAudioData/src/Plots.cpp",
			"sourceTree": "SOURCE_ROOT"
		},
		"1103B555-A2D0-4CCD-9C5C-221163B28B59": {
			"fileEncoding": "4",
			"isa": "PBXFileReference",
			"lastKnownFileType": "sourcecode.cpp.cpp",
			"name": "ofxInputField.cpp",
			"path": "../../../addons/ofxGui/src/ofxInputField.cpp",
			"sourceTree": "SOURCE_ROOT"
		},
		"1232EBDE-FC15-42C0-AA66-E834F37038F0": {
			"fileRef": "A2E966EA-1B7F-4EDA-A130-69AA2A21C8EA",
			"isa": "PBXBuildFile"
		},
		"12752943-8C95-437E-8082-4B4F3B56D208": {
			"fileEncoding": "4",
			"isa": "PBXFileReference",
			"lastKnownFileType": "sourcecode.cpp.cpp",
			"name": "FileClient.cpp",
			"path": "../../../addons/ofxAudioAnalysisClient/src/FileClient.cpp",
			"sourceTree": "SOURCE_ROOT"
		},
		"131860AB-7B15-439D-8931-CD896DF77C70": {
			"fileEncoding": "4",
			"isa": "PBXFileReference",
			"lastKnownFileType": "sourcecode.cpp.h",
			"name": "TimerListener.h",
			"path": "../../../addons/ofxOsc/libs/oscpack/src/ip/TimerListener.h",
			"sourceTree": "SOURCE_ROOT"
		},
		"15EAC66B-C5AF-4444-B859-A8D305ACA10C": {
			"fileEncoding": "4",
			"isa": "PBXFileReference",
			"lastKnownFileType": "sourcecode.cpp.cpp",
			"name": "IpEndpointName.cpp",
			"path": "../../../addons/ofxOsc/libs/oscpack/src/ip/IpEndpointName.cpp",
			"sourceTree": "SOURCE_ROOT"
		},
		"16B433AE-B2DC-45F5-8829-B3C22F44A99B": {
			"fileEncoding": "4",
			"isa": "PBXFileReference",
			"lastKnownFileType": "sourcecode.cpp.h",
			"name": "ofxAudioAnalysisClient.h",
			"path": "../../../addons/ofxAudioAnalysisClient/src/ofxAudioAnalysisClient.h",
			"sourceTree": "SOURCE_ROOT"
		},
		"187BD6C3-192C-49DC-94DC-055F7C4226E4": {
			"fileEncoding": "4",
			"isa": "PBXFileReference",
			"lastKnownFileType": "sourcecode.cpp.h",
			"name": "ofxPanel.h",
			"path": "../../../addons/ofxGui/src/ofxPanel.h",
			"sourceTree": "SOURCE_ROOT"
		},
		"191CD6FA2847E21E0085CBB6": {
			"fileEncoding": "4",
			"isa": "PBXFileReference",
			"lastKnownFileType": "text.plist.entitlements",
			"path": "of.entitlements",
			"sourceTree": "<group>"
		},
		"191EF70929D778A400F35F26": {
			"isa": "PBXFileReference",
			"lastKnownFileType": "folder",
			"name": "openFrameworks",
			"path": "../../../libs/openFrameworks",
			"sourceTree": "SOURCE_ROOT"
		},
		"19B789C429E5AB4A0082E9B8": {
			"alwaysOutOfDate": "1",
			"buildActionMask": "2147483647",
			"files": [],
			"inputFileListPaths": [],
			"inputPaths": [],
			"isa": "PBXShellScriptBuildPhase",
			"outputFileListPaths": [],
			"outputPaths": [],
			"runOnlyForDeploymentPostprocessing": "0",
			"shellPath": "/bin/sh",
			"shellScript": "\"$OF_PATH/scripts/osx/xcode_project.sh\"\n",
			"showEnvVarsInLog": "0"
		},
		"1AFCE63D-6723-40EA-AD41-C4E880D1DC47": {
			"fileRef": "39C93763-AA59-4B4F-A9EE-B308ED16970D",
			"isa": "PBXBuildFile"
		},
		"1BAF10ED-6E7B-4631-BA09-67B7A33D1679": {
			"fileEncoding": "4",
			"isa": "PBXFileReference",
			"lastKnownFileType": "sourcecode.cpp.cpp",
			"name": "ofxNetworkUtils.cpp",
			"path": "../../../addons/ofxNetwork/src/ofxNetworkUtils.cpp",
			"sourceTree": "SOURCE_ROOT"
		},
		"1C3E1D86-5C1F-4ED6-A689-4EDA7857F657": {
			"fileEncoding": "4",
			"isa": "PBXFileReference",
			"lastKnownFileType": "sourcecode.cpp.h",
			"name": "Plots.hpp",
			"path": "../../../addons/ofxAudioData/src/Plots.hpp",
			"sourceTree": "SOURCE_ROOT"
		},
		"1D950674-FD2E-4AF3-9678-74A26E101437": {
			"fileEncoding": "4",
			"isa": "PBXFileReference",
			"lastKnownFileType": "sourcecode.cpp.cpp",
			"name": "ofxLabel.cpp",
			"path": "../../../addons/ofxGui/src/ofxLabel.cpp",
			"sourceTree": "SOURCE_ROOT"
		},
		"1F095357-41E9-49FC-8C35-88E219272274": {
			"children": [
				"85F405F1-2C67-41A3-BB71-304079C83219"
			],
			"isa": "PBXGroup",
			"name": "ofxNetwork",
			"sourceTree": "SOURCE_ROOT"
		},
		"20F7FA14-5226-4F0E-BEFC-25808964EEDC": {
			"children": [
				"3DA0CB52-B550-4F76-86F6-1EA82BA7804E"
			],
			"isa": "PBXGroup",
			"name": "oscpack",
			"sourceTree": "SOURCE_ROOT"
		},
		"217498BD-DFEA-43EF-8392-185C3A6684B3": {
			"fileEncoding": "4",
			"isa": "PBXFileReference",
			"lastKnownFileType": "sourcecode.cpp.cpp",
			"name": "ofxSliderGroup.cpp",
			"path": "../../../addons/ofxGui/src/ofxSliderGroup.cpp",
			"sourceTree": "SOURCE_ROOT"
		},
		"234B5428-471D-49B8-9032-69A3C752F3A6": {
			"fileRef": "F8B56BA7-9697-4B38-B00D-88439F62C47C",
			"isa": "PBXBuildFile"
		},
		"23EEEFC9-4083-4A29-BAAA-42EB456F3B13": {
			"fileEncoding": "4",
			"isa": "PBXFileReference",
			"lastKnownFileType": "sourcecode.cpp.cpp",
			"name": "ofxGuiGroup.cpp",
			"path": "../../../addons/ofxGui/src/ofxGuiGroup.cpp",
			"sourceTree": "SOURCE_ROOT"
		},
		"23FCF2BD-2B8A-43AF-BAD1-2A1E05FE077E": {
			"fileEncoding": "4",
			"isa": "PBXFileReference",
			"lastKnownFileType": "sourcecode.cpp.h",
			"name": "OscException.h",
			"path": "../../../addons/ofxOsc/libs/oscpack/src/osc/OscException.h",
			"sourceTree": "SOURCE_ROOT"
		},
		"24A6DF89-90AA-4548-B582-A610FE91A597": {
			"fileEncoding": "4",
			"isa": "PBXFileReference",
			"lastKnownFileType": "sourcecode.cpp.h",
			"name": "OscTypes.h",
			"path": "../../../addons/ofxOsc/libs/oscpack/src/osc/OscTypes.h",
			"sourceTree": "SOURCE_ROOT"
		},
		"26B18106-4015-4946-9861-293AAACF1DAB": {
			"fileEncoding": "4",
			"isa": "PBXFileReference",
			"lastKnownFileType": "sourcecode.cpp.h",
			"name": "ApplyBouyancyShader.h",
			"path": "../../../addons/ofxRenderer/src/fluid/ApplyBouyancyShader.h",
			"sourceTree": "SOURCE_ROOT"
		},
		"2CB4E2AE-CAD6-4D43-9629-71B429C28749": {
			"fileEncoding": "4",
			"isa": "PBXFileReference",
			"lastKnownFileType": "sourcecode.cpp.h",
			"name": "DivergenceRenderer.h",
			"path": "../../../addons/ofxRenderer/src/fluid/DivergenceRenderer.h",
			"sourceTree": "SOURCE_ROOT"
		},
		"2CB8E9E5-E640-433F-88AA-3E2531EEA7B8": {
			"fileEncoding": "4",
			"isa": "PBXFileReference",
			"lastKnownFileType": "sourcecode.cpp.cpp",
			"name": "ofxButton.cpp",
			"path": "../../../addons/ofxGui/src/ofxButton.cpp",
			"sourceTree": "SOURCE_ROOT"
		},
		"345CBEE1-90C3-40CA-BB4A-54C140108CC3": {
			"fileEncoding": "4",
			"isa": "PBXFileReference",
			"lastKnownFileType": "sourcecode.cpp.h",
			"name": "ofxTCPSettings.h",
			"path": "../../../addons/ofxNetwork/src/ofxTCPSettings.h",
			"sourceTree": "SOURCE_ROOT"
		},
		"352209E1-0171-4C0D-828D-21883D30A33D": {
			"fileEncoding": "4",
			"isa": "PBXFileReference",
			"lastKnownFileType": "sourcecode.cpp.h",
			"name": "UdpSocket.h",
			"path": "../../../addons/ofxOsc/libs/oscpack/src/ip/UdpSocket.h",
			"sourceTree": "SOURCE_ROOT"
		},
		"35F9B3E3-22E7-49E9-BAC0-1BBF8DC78C7A": {
			"children": [
				"0A3688CD-73A1-4999-8328-63861615E62E"
			],
			"isa": "PBXGroup",
			"name": "ofxAudioAnalysisClient",
			"sourceTree": "SOURCE_ROOT"
		},
		"37530515-664E-4123-B547-F88FF1AD93E0": {
			"fileEncoding": "4",
			"isa": "PBXFileReference",
			"lastKnownFileType": "sourcecode.cpp.h",
			"name": "Processor.hpp",
			"path": "../../../addons/ofxAudioData/src/Processor.hpp",
			"sourceTree": "SOURCE_ROOT"
		},
		"38530B17-3C26-45D6-AC28-8BEDCBB4E32B": {
			"fileEncoding": "4",
			"isa": "PBXFileReference",
			"lastKnownFileType": "sourcecode.cpp.cpp",
			"name": "ofxTimeMeasurements.cpp",
			"path": "../../../addons/ofxTimeMeasurements/src/ofxTimeMeasurements.cpp",
			"sourceTree": "SOURCE_ROOT"
		},
		"39C93763-AA59-4B4F-A9EE-B308ED16970D": {
			"fileEncoding": "4",
			"isa": "PBXFileReference",
			"lastKnownFileType": "sourcecode.cpp.cpp",
			"name": "BaseClient.cpp",
			"path": "../../../addons/ofxAudioAnalysisClient/src/BaseClient.cpp",
			"sourceTree": "SOURCE_ROOT"
		},
		"3DA0CB52-B550-4F76-86F6-1EA82BA7804E": {
			"children": [
				"931D99BA-83D6-421D-AE9E-D61C44CC668A",
				"CD103589-386E-46BA-9576-68B1E431A99F"
			],
			"isa": "PBXGroup",
			"name": "src",
			"sourceTree": "SOURCE_ROOT"
		},
		"3FECCA5C-A0F0-4E84-AB74-998A954C9EC7": {
			"fileEncoding": "4",
			"isa": "PBXFileReference",
			"lastKnownFileType": "sourcecode.cpp.h",
			"name": "Renderer.h",
			"path": "../../../addons/ofxRenderer/src/Renderer.h",
			"sourceTree": "SOURCE_ROOT"
		},
		"3FECF23E-6DC3-4F0A-A461-B4003756B6B2": {
			"fileEncoding": "4",
			"isa": "PBXFileReference",
			"lastKnownFileType": "sourcecode.cpp.cpp",
			"name": "ofxOscMessage.cpp",
			"path": "../../../addons/ofxOsc/src/ofxOscMessage.cpp",
			"sourceTree": "SOURCE_ROOT"
		},
		"41A59007-9D8C-476A-A821-7277EFA5276C": {
			"fileEncoding": "4",
			"isa": "PBXFileReference",
			"lastKnownFileType": "sourcecode.cpp.h",
			"name": "FileClient.hpp",
			"path": "../../../addons/ofxAudioAnalysisClient/src/FileClient.hpp",
			"sourceTree": "SOURCE_ROOT"
		},
		"44C7FCAA-5E92-4F3B-9CC0-09485C142B62": {
			"fileRef": "C52CA12A-49C3-40A7-BFCC-21D4C7E156F9",
			"isa": "PBXBuildFile"
		},
		"45CA7F49-43C2-4A78-8BB6-B7387FFEE552": {
			"fileEncoding": "4",
			"isa": "PBXFileReference",
			"lastKnownFileType": "sourcecode.cpp.h",
			"name": "AddImpulseSpotShader.h",
			"path": "../../../addons/ofxRenderer/src/fluid/AddImpulseSpotShader.h",
			"sourceTree": "SOURCE_ROOT"
		},
		"47BD94A1-E449-4F25-A18E-7A355CB5F4CF": {
			"fileRef": "B45E9FB7-7718-4E1B-B97C-083B29156320",
			"isa": "PBXBuildFile"
		},
		"47F77D71-F4EE-4818-AD84-BE64E5138B7E": {
			"fileRef": "7731C99A-AFE5-4B0D-90B7-E79F6DCD0DF2",
			"isa": "PBXBuildFile"
		},
		"4930A5DC-7026-4721-A975-E3E37BB24B12": {
			"fileEncoding": "4",
			"isa": "PBXFileReference",
			"lastKnownFileType": "sourcecode.cpp.h",
			"name": "ofxTCPServer.h",
			"path": "../../../addons/ofxNetwork/src/ofxTCPServer.h",
			"sourceTree": "SOURCE_ROOT"
		},
		"4D77EE51-2DAE-454F-89C3-505F5D6F0E3B": {
			"fileRef": "B217FE93-4761-4CCF-BA82-169652087BCA",
			"isa": "PBXBuildFile"
		},
		"4DB1A7A9-4C15-4C9D-B565-92496F767E4C": {
			"fileEncoding": "4",
			"isa": "PBXFileReference",
			"lastKnownFileType": "sourcecode.cpp.cpp",
			"name": "ofxOscSender.cpp",
			"path": "../../../addons/ofxOsc/src/ofxOscSender.cpp",
			"sourceTree": "SOURCE_ROOT"
		},
		"4FCAAA99-54ED-4DFC-BC6C-333E529F4EB4": {
			"fileEncoding": "4",
			"isa": "PBXFileReference",
			"lastKnownFileType": "sourcecode.cpp.cpp",
			"name": "LiveClient.cpp",
			"path": "../../../addons/ofxAudioAnalysisClient/src/LiveClient.cpp",
			"sourceTree": "SOURCE_ROOT"
		},
		"50576268-7973-4163-A2F7-33189898D920": {
			"fileEncoding": "4",
			"isa": "PBXFileReference",
			"lastKnownFileType": "sourcecode.cpp.cpp",
			"name": "ofxTCPServer.cpp",
			"path": "../../../addons/ofxNetwork/src/ofxTCPServer.cpp",
			"sourceTree": "SOURCE_ROOT"
		},
		"52D34342-1D39-481C-A432-FB3CE087D2A7": {
			"fileEncoding": "4",
			"isa": "PBXFileReference",
			"lastKnownFileType": "sourcecode.cpp.h",
			"name": "MessageMappingOscPacketListener.h",
			"path": "../../../addons/ofxOsc/libs/oscpack/src/osc/MessageMappingOscPacketListener.h",
			"sourceTree": "SOURCE_ROOT"
		},
		"55112180-7FDF-4C90-971F-D2F2CC1DC266": {
			"fileEncoding": "4",
			"isa": "PBXFileReference",
			"lastKnownFileType": "sourcecode.cpp.h",
			"name": "dkm.hpp",
			"path": "src/dkm.hpp",
			"sourceTree": "SOURCE_ROOT"
		},
		"585E3A1A-CB89-4CFF-91D1-67ECBB52661F": {
			"fileRef": "DCBB30B7-2945-4E5F-9913-4EEB7EA959C2",
			"isa": "PBXBuildFile"
		},
		"5B1EC945-E2FE-45A8-96B3-1C50A89D30A6": {
			"fileEncoding": "4",
			"isa": "PBXFileReference",
			"lastKnownFileType": "sourcecode.cpp.h",
			"name": "ofxOscParameterSync.h",
			"path": "../../../addons/ofxOsc/src/ofxOscParameterSync.h",
			"sourceTree": "SOURCE_ROOT"
		},
		"5BB0FE73-F56F-407E-8399-8927D7FC40FD": {
			"fileEncoding": "4",
			"isa": "PBXFileReference",
			"lastKnownFileType": "sourcecode.cpp.cpp",
			"name": "OscPrintReceivedElements.cpp",
			"path": "../../../addons/ofxOsc/libs/oscpack/src/osc/OscPrintReceivedElements.cpp",
			"sourceTree": "SOURCE_ROOT"
		},
		"5BBA5DD0-9443-406C-A2AE-302D0DC8181E": {
			"children": [
				"CBB3FBDD-02DF-4A9A-8F6D-4728C14584B5"
			],
			"isa": "PBXGroup",
			"name": "ofxHistoryPlot",
			"sourceTree": "SOURCE_ROOT"
		},
		"5CC948C2-F47C-4665-A266-46C5D636A023": {
			"fileRef": "38530B17-3C26-45D6-AC28-8BEDCBB4E32B",
			"isa": "PBXBuildFile"
		},
		"5DB6CF77-5D96-47F9-9D0F-87BA3DD65AA2": {
			"fileEncoding": "4",
			"isa": "PBXFileReference",
			"lastKnownFileType": "sourcecode.cpp.h",
			"name": "FluidSimulation.h",
			"path": "../../../addons/ofxRenderer/src/fluid/FluidSimulation.h",
			"sourceTree": "SOURCE_ROOT"
		},
		"5E3F8ADD-A4E9-411A-8BCC-1D2082F41584": {
			"fileEncoding": "4",
			"isa": "PBXFileReference",
			"lastKnownFileType": "sourcecode.cpp.h",
			"name": "PingPongFbo.h",
			"path": "../../../addons/ofxRenderer/src/PingPongFbo.h",
			"sourceTree": "SOURCE_ROOT"
		},
		"5EBF1908-C9B1-43C2-B4FB-4DE6A34760AF": {
			"fileEncoding": "4",
			"isa": "PBXFileReference",
			"lastKnownFileType": "sourcecode.cpp.cpp",
			"name": "ofxPanel.cpp",
			"path": "../../../addons/ofxGui/src/ofxPanel.cpp",
			"sourceTree": "SOURCE_ROOT"
		},
		"5FA9C244-6577-44B4-8B5F-AC1E1FB42B65": {
			"fileRef": "5BB0FE73-F56F-407E-8399-8927D7FC40FD",
			"isa": "PBXBuildFile"
		},
		"615B9031-BEA0-4E3D-8CA1-E49FC23509F2": {
			"fileRef": "23EEEFC9-4083-4A29-BAAA-42EB456F3B13",
			"isa": "PBXBuildFile"
		},
		"631F655F-29BB-41D9-8C90-275C373F94E5": {
			"fileRef": "D1FC3CFE-507D-45F2-A5D3-502EA3F2EAE6",
			"isa": "PBXBuildFile"
		},
		"6428AB39-75A0-4026-934A-F5E95222F6A8": {
			"fileEncoding": "4",
			"isa": "PBXFileReference",
			"lastKnownFileType": "sourcecode.cpp.cpp",
			"name": "ofxOscBundle.cpp",
			"path": "../../../addons/ofxOsc/src/ofxOscBundle.cpp",
			"sourceTree": "SOURCE_ROOT"
		},
		"64D2EA96-5EBA-492C-BFE2-EF32A4205911": {
			"fileRef": "1D950674-FD2E-4AF3-9678-74A26E101437",
			"isa": "PBXBuildFile"
		},
		"65982BC0-259B-4437-B562-1485C424BB31": {
			"fileRef": "CF58129C-A28A-413C-B56E-DBBE3BFC3126",
			"isa": "PBXBuildFile"
		},
		"68C9A328-BE15-4576-8D02-013EDFBDF053": {
			"fileEncoding": "4",
			"isa": "PBXFileReference",
			"lastKnownFileType": "sourcecode.cpp.h",
			"name": "OscOutboundPacketStream.h",
			"path": "../../../addons/ofxOsc/libs/oscpack/src/osc/OscOutboundPacketStream.h",
			"sourceTree": "SOURCE_ROOT"
		},
		"6AE64C46-C85A-40F7-A2F5-2277E62992CD": {
			"fileEncoding": "4",
			"isa": "PBXFileReference",
			"lastKnownFileType": "sourcecode.cpp.h",
			"name": "MinimalTree.h",
			"path": "../../../addons/ofxTimeMeasurements/src/MinimalTree.h",
			"sourceTree": "SOURCE_ROOT"
		},
		"6C69BED8-55A7-4F44-ABDB-D1B07798AFDA": {
			"children": [
				"B45E9FB7-7718-4E1B-B97C-083B29156320",
				"A1FC7EF9-6BA8-4E51-92B2-281E2F1E4FD7",
				"2CB8E9E5-E640-433F-88AA-3E2531EEA7B8",
				"A701CB75-35D0-4DAB-986C-2B4ABFF6D172",
				"C984486E-D22E-4918-A54A-5C2C46E6C35D",
				"A8FADAE1-EECE-4308-9A43-C9B1F5F22906",
				"E5893E60-9FED-495B-ACEE-0517AC53316B",
				"23EEEFC9-4083-4A29-BAAA-42EB456F3B13",
				"DEC01D17-C258-4B37-B575-0511580AB320",
				"F1C5F0A5-911F-44C0-8E68-C07323E09178",
				"1103B555-A2D0-4CCD-9C5C-221163B28B59",
				"9B6FD489-30E8-46C5-8914-BE7AC826A374",
				"1D950674-FD2E-4AF3-9678-74A26E101437",
				"D4BBEDA8-CCB5-4E59-9774-39D3C1729C54",
				"5EBF1908-C9B1-43C2-B4FB-4DE6A34760AF",
				"187BD6C3-192C-49DC-94DC-055F7C4226E4",
				"DA8D7E89-EC16-4141-AACD-0A4AE1F48701",
				"8AB11880-780E-46FC-B907-2B1E7FDA565C",
				"217498BD-DFEA-43EF-8392-185C3A6684B3",
				"F61FB49E-836F-4FDB-B4DB-E175E4631C89",
				"ADBA97CD-0F0F-4333-9C31-C377565A76A8",
				"D9F34619-8EA0-4E0D-A245-E62D17F88FAB"
			],
			"isa": "PBXGroup",
			"name": "src",
			"sourceTree": "SOURCE_ROOT"
		},
		"6CACA831-17C5-49B1-84A5-87DA77BA6316": {
			"fileEncoding": "4",
			"isa": "PBXFileReference",
			"lastKnownFileType": "sourcecode.cpp.h",
			"name": "ofxTCPManager.h",
			"path": "../../../addons/ofxNetwork/src/ofxTCPManager.h",
			"sourceTree": "SOURCE_ROOT"
		},
		"6EF6AB5E-E5F7-4AE1-8367-393B89D4F287": {
			"fileEncoding": "4",
			"isa": "PBXFileReference",
			"lastKnownFileType": "sourcecode.cpp.cpp",
			"name": "ofxOscReceiver.cpp",
			"path": "../../../addons/ofxOsc/src/ofxOscReceiver.cpp",
			"sourceTree": "SOURCE_ROOT"
		},
		"7184FA8A-27D6-466C-AD82-6B11722E5212": {
			"children": [
				"45CA7F49-43C2-4A78-8BB6-B7387FFEE552",
				"D35BFA19-9EED-48FB-81DD-272A3D5AFF11",
				"7787A044-C29B-4E47-8E94-E3E76413EFDF",
				"26B18106-4015-4946-9861-293AAACF1DAB",
				"D3706300-2534-4466-8765-827BB9688458",
				"2CB4E2AE-CAD6-4D43-9629-71B429C28749",
				"5DB6CF77-5D96-47F9-9D0F-87BA3DD65AA2",
				"92B93DE2-6810-4B54-942D-C4B8307BBDAF",
				"C4FE2E50-478A-4F78-A63D-FE1F7D31BA7A",
				"CDA2C45B-17F6-4B2A-82A0-ADB0FD26DCAB"
			],
			"isa": "PBXGroup",
			"name": "fluid",
			"sourceTree": "SOURCE_ROOT"
		},
		"71D087B1-FCEF-473D-955B-2C47BF01986F": {
			"fileEncoding": "4",
			"isa": "PBXFileReference",
			"lastKnownFileType": "sourcecode.cpp.cpp",
			"name": "MinimalTree.cpp",
			"path": "../../../addons/ofxTimeMeasurements/src/MinimalTree.cpp",
			"sourceTree": "SOURCE_ROOT"
		},
		"7468B8FA-8B99-495A-9866-3CAE1E4EDF37": {
			"fileRef": "6EF6AB5E-E5F7-4AE1-8367-393B89D4F287",
			"isa": "PBXBuildFile"
		},
		"75D7BAB9-FE9E-4CA7-A845-C67AF2A82974": {
			"fileEncoding": "4",
			"isa": "PBXFileReference",
			"lastKnownFileType": "sourcecode.cpp.h",
			"name": "ofxTimeMeasurementsMacros.h",
			"path": "../../../addons/ofxTimeMeasurements/src/ofxTimeMeasurementsMacros.h",
			"sourceTree": "SOURCE_ROOT"
		},
		"7731C99A-AFE5-4B0D-90B7-E79F6DCD0DF2": {
			"fileEncoding": "4",
			"isa": "PBXFileReference",
			"lastKnownFileType": "sourcecode.cpp.cpp",
			"name": "ofxUDPManager.cpp",
			"path": "../../../addons/ofxNetwork/src/ofxUDPManager.cpp",
			"sourceTree": "SOURCE_ROOT"
		},
		"7787A044-C29B-4E47-8E94-E3E76413EFDF": {
			"fileEncoding": "4",
			"isa": "PBXFileReference",
			"lastKnownFileType": "sourcecode.cpp.h",
			"name": "AdvectShader.h",
			"path": "../../../addons/ofxRenderer/src/fluid/AdvectShader.h",
			"sourceTree": "SOURCE_ROOT"
		},
		"77CB640D-D8E1-4C6F-87CB-FAD20768C8F6": {
			"fileEncoding": "4",
			"isa": "PBXFileReference",
			"lastKnownFileType": "sourcecode.cpp.cpp",
			"name": "UdpSocket.cpp",
			"path": "../../../addons/ofxOsc/libs/oscpack/src/ip/posix/UdpSocket.cpp",
			"sourceTree": "SOURCE_ROOT"
		},
		"7823EAF8-85FA-4428-B166-CFBD912FA64B": {
			"fileRef": "2CB8E9E5-E640-433F-88AA-3E2531EEA7B8",
			"isa": "PBXBuildFile"
		},
		"7AA3A45D-599D-4F60-B23B-58B8954393AE": {
			"fileEncoding": "4",
			"isa": "PBXFileReference",
			"lastKnownFileType": "sourcecode.cpp.h",
			"name": "ofxSelfOrganizingMap.h",
			"path": "../../../addons/ofxSelfOrganizingMap/src/ofxSelfOrganizingMap.h",
			"sourceTree": "SOURCE_ROOT"
		},
		"7B02FEEB-82AA-4747-B9E9-2994A3DFD599": {
			"children": [
				"D98E6E37-DC22-4AB1-B5EC-35631E46EDBC",
				"88F42E9D-64C8-46A0-9BA0-9E221B9A4AA1",
				"E1B2C396-F336-4825-808F-14EB11F24561",
				"D349DC38-2126-45C3-84D8-7AA05C9BAA97",
				"D4A52FBB-0467-48AF-BFE1-245D2F0CE545",
				"B9D65C97-80F9-40A9-97F0-3241CFE96935",
				"B3C58179-4090-4799-ABFA-DB4DB98D1AA3"
			],
			"isa": "PBXGroup",
			"name": "shaders",
			"sourceTree": "SOURCE_ROOT"
		},
		"7C667FFB-6AC4-4A8E-A379-63552FF65B39": {
			"fileRef": "0D7F2A9B-CB16-49FD-A626-AB8D838A4EB8",
			"isa": "PBXBuildFile"
		},
		"7CFAFB09-B466-4229-8396-A1D67762F353": {
			"fileEncoding": "4",
			"isa": "PBXFileReference",
			"lastKnownFileType": "sourcecode.cpp.cpp",
			"name": "ofxSelfOrganizingMap.cpp",
			"path": "../../../addons/ofxSelfOrganizingMap/src/ofxSelfOrganizingMap.cpp",
			"sourceTree": "SOURCE_ROOT"
		},
		"7D7F0153-6BA2-4E1D-A01A-DD5DD4CCFBA0": {
			"fileEncoding": "4",
			"isa": "PBXFileReference",
			"lastKnownFileType": "sourcecode.cpp.h",
			"name": "ofxNetwork.h",
			"path": "../../../addons/ofxNetwork/src/ofxNetwork.h",
			"sourceTree": "SOURCE_ROOT"
		},
		"814335C5-3F34-46D2-82EE-4CE3A1D95A1A": {
			"fileEncoding": "4",
			"isa": "PBXFileReference",
			"lastKnownFileType": "sourcecode.cpp.h",
			"name": "ofxAudioData.h",
			"path": "../../../addons/ofxAudioData/src/ofxAudioData.h",
			"sourceTree": "SOURCE_ROOT"
		},
		"81BB8D34-C141-40A8-828F-C78242DCD049": {
			"fileRef": "77CB640D-D8E1-4C6F-87CB-FAD20768C8F6",
			"isa": "PBXBuildFile"
		},
		"8209E62F-EFA1-4033-98B3-F75B730BC4BD": {
			"fileRef": "5EBF1908-C9B1-43C2-B4FB-4DE6A34760AF",
			"isa": "PBXBuildFile"
		},
		"82CB8549-BAF4-45DE-BBDB-B9E4E03990B7": {
			"fileEncoding": "4",
			"isa": "PBXFileReference",
			"lastKnownFileType": "sourcecode.cpp.cpp",
			"name": "NetworkingUtils.cpp",
			"path": "../../../addons/ofxOsc/libs/oscpack/src/ip/posix/NetworkingUtils.cpp",
			"sourceTree": "SOURCE_ROOT"
		},
		"84821308-26F5-4377-A91B-1AAF416F5EB5": {
			"fileRef": "1103B555-A2D0-4CCD-9C5C-221163B28B59",
			"isa": "PBXBuildFile"
		},
		"855DB520-24E3-4B06-B9E6-5FFB78950C73": {
			"fileRef": "15EAC66B-C5AF-4444-B859-A8D305ACA10C",
			"isa": "PBXBuildFile"
		},
		"855EEA77-A559-4BA6-B59D-FA6CA0C7457C": {
			"fileRef": "4DB1A7A9-4C15-4C9D-B565-92496F767E4C",
			"isa": "PBXBuildFile"
		},
		"85F405F1-2C67-41A3-BB71-304079C83219": {
			"children": [
				"7D7F0153-6BA2-4E1D-A01A-DD5DD4CCFBA0",
				"1BAF10ED-6E7B-4631-BA09-67B7A33D1679",
				"A6DFF402-699B-4032-855E-F7D779DE671C",
				"8F5D8383-15D3-460E-858A-389DD5432EB0",
				"8FC20E2A-9592-460E-8E42-C7652389CFEA",
				"A2E966EA-1B7F-4EDA-A130-69AA2A21C8EA",
				"6CACA831-17C5-49B1-84A5-87DA77BA6316",
				"50576268-7973-4163-A2F7-33189898D920",
				"4930A5DC-7026-4721-A975-E3E37BB24B12",
				"345CBEE1-90C3-40CA-BB4A-54C140108CC3",
				"7731C99A-AFE5-4B0D-90B7-E79F6DCD0DF2",
				"87026FB9-B362-4D9E-A0EF-C05D956681AD",
				"F49C4D14-874D-4FC0-9B3F-3CC70EE67FE3"
			],
			"isa": "PBXGroup",
			"name": "src",
			"sourceTree": "SOURCE_ROOT"
		},
		"87026FB9-B362-4D9E-A0EF-C05D956681AD": {
			"fileEncoding": "4",
			"isa": "PBXFileReference",
			"lastKnownFileType": "sourcecode.cpp.h",
			"name": "ofxUDPManager.h",
			"path": "../../../addons/ofxNetwork/src/ofxUDPManager.h",
			"sourceTree": "SOURCE_ROOT"
		},
		"88F42E9D-64C8-46A0-9BA0-9E221B9A4AA1": {
			"fileEncoding": "4",
			"isa": "PBXFileReference",
			"lastKnownFileType": "sourcecode.cpp.h",
			"name": "FadeShader.h",
			"path": "../../../addons/ofxRenderer/src/shaders/FadeShader.h",
			"sourceTree": "SOURCE_ROOT"
		},
		"8974D3C9-6C07-4590-8CA5-67BFC0926E04": {
			"fileRef": "8F5D8383-15D3-460E-858A-389DD5432EB0",
			"isa": "PBXBuildFile"
		},
		"8AB11880-780E-46FC-B907-2B1E7FDA565C": {
			"fileEncoding": "4",
			"isa": "PBXFileReference",
			"lastKnownFileType": "sourcecode.cpp.h",
			"name": "ofxSlider.h",
			"path": "../../../addons/ofxGui/src/ofxSlider.h",
			"sourceTree": "SOURCE_ROOT"
		},
		"8B4A3742-1D75-4BC4-967D-9BE3071D94C5": {
			"fileEncoding": "4",
			"isa": "PBXFileReference",
			"lastKnownFileType": "sourcecode.cpp.h",
			"name": "Shader.h",
			"path": "../../../addons/ofxRenderer/src/Shader.h",
			"sourceTree": "SOURCE_ROOT"
		},
		"8C284F6D-62C0-4F15-A46A-B02DB7273023": {
			"children": [
				"0C963490-2111-40B2-91CE-0A130F8334D5",
				"FFB21329-6969-4D63-8421-C78FD7E87C82"
			],
			"isa": "PBXGroup",
			"name": "ofxOsc",
			"sourceTree": "SOURCE_ROOT"
		},
		"8D82EA1C-EBFD-422F-8630-1B031D0D2DDB": {
			"children": [
				"7CFAFB09-B466-4229-8396-A1D67762F353",
				"7AA3A45D-599D-4F60-B23B-58B8954393AE"
			],
			"isa": "PBXGroup",
			"name": "src",
			"sourceTree": "SOURCE_ROOT"
		},
		"8F5D8383-15D3-460E-858A-389DD5432EB0": {
			"fileEncoding": "4",
			"isa": "PBXFileReference",
			"lastKnownFileType": "sourcecode.cpp.cpp",
			"name": "ofxTCPClient.cpp",
			"path": "../../../addons/ofxNetwork/src/ofxTCPClient.cpp",
			"sourceTree": "SOURCE_ROOT"
		},
		"8FC20E2A-9592-460E-8E42-C7652389CFEA": {
			"fileEncoding": "4",
			"isa": "PBXFileReference",
			"lastKnownFileType": "sourcecode.cpp.h",
			"name": "ofxTCPClient.h",
			"path": "../../../addons/ofxNetwork/src/ofxTCPClient.h",
			"sourceTree": "SOURCE_ROOT"
		},
		"92B93DE2-6810-4B54-942D-C4B8307BBDAF": {
			"fileEncoding": "4",
			"isa": "PBXFileReference",
			"lastKnownFileType": "sourcecode.cpp.h",
			"name": "JacobiShader.h",
			"path": "../../../addons/ofxRenderer/src/fluid/JacobiShader.h",
			"sourceTree": "SOURCE_ROOT"
		},
		"931D99BA-83D6-421D-AE9E-D61C44CC668A": {
			"children": [
				"15EAC66B-C5AF-4444-B859-A8D305ACA10C",
				"BC6028DC-AF0D-456E-8E0A-E8B72C340A42",
				"FD94C42B-9DA0-47FB-9437-D9BB22791F0F",
				"061A7A48-A8EC-4CC2-A5C5-406417FCD0BA",
				"131860AB-7B15-439D-8931-CD896DF77C70",
				"352209E1-0171-4C0D-828D-21883D30A33D",
				"EC1648CB-B14B-4D8F-AC5F-E229A3F5CE3B"
			],
			"isa": "PBXGroup",
			"name": "ip",
			"sourceTree": "SOURCE_ROOT"
		},
		"99F27951-D0D4-466F-BBDF-500122AC731F": {
			"fileRef": "FDADA1FE-AB72-445B-8163-49D68B4AA305",
			"isa": "PBXBuildFile"
		},
		"9B508861-9685-4442-A5F4-626B30DB8584": {
			"fileEncoding": "4",
			"isa": "PBXFileReference",
			"lastKnownFileType": "sourcecode.cpp.h",
			"name": "ofxOscMessage.h",
			"path": "../../../addons/ofxOsc/src/ofxOscMessage.h",
			"sourceTree": "SOURCE_ROOT"
		},
		"9B6FD489-30E8-46C5-8914-BE7AC826A374": {
			"fileEncoding": "4",
			"isa": "PBXFileReference",
			"lastKnownFileType": "sourcecode.cpp.h",
			"name": "ofxInputField.h",
			"path": "../../../addons/ofxGui/src/ofxInputField.h",
			"sourceTree": "SOURCE_ROOT"
		},
		"9FC443DE-4474-42B9-987B-5B5181E64CB7": {
			"fileEncoding": "4",
			"isa": "PBXFileReference",
			"lastKnownFileType": "sourcecode.cpp.h",
			"name": "ofxTimeMeasurements.h",
			"path": "../../../addons/ofxTimeMeasurements/src/ofxTimeMeasurements.h",
			"sourceTree": "SOURCE_ROOT"
		},
		"A12C6C06-420C-49E3-9DBB-9F027EF4D0AC": {
			"fileRef": "4FCAAA99-54ED-4DFC-BC6C-333E529F4EB4",
			"isa": "PBXBuildFile"
		},
		"A1FC7EF9-6BA8-4E51-92B2-281E2F1E4FD7": {
			"fileEncoding": "4",
			"isa": "PBXFileReference",
			"lastKnownFileType": "sourcecode.cpp.h",
			"name": "ofxBaseGui.h",
			"path": "../../../addons/ofxGui/src/ofxBaseGui.h",
			"sourceTree": "SOURCE_ROOT"
		},
		"A2E966EA-1B7F-4EDA-A130-69AA2A21C8EA": {
			"fileEncoding": "4",
			"isa": "PBXFileReference",
			"lastKnownFileType": "sourcecode.cpp.cpp",
			"name": "ofxTCPManager.cpp",
			"path": "../../../addons/ofxNetwork/src/ofxTCPManager.cpp",
			"sourceTree": "SOURCE_ROOT"
		},
		"A3DD4B48-4D48-4C80-8C14-6760A22E491C": {
			"children": [
				"0D7F2A9B-CB16-49FD-A626-AB8D838A4EB8",
				"1C3E1D86-5C1F-4ED6-A689-4EDA7857F657",
				"C52CA12A-49C3-40A7-BFCC-21D4C7E156F9",
				"37530515-664E-4123-B547-F88FF1AD93E0",
				"DCBB30B7-2945-4E5F-9913-4EEB7EA959C2",
				"F8322200-3CD4-46AD-90F4-EA709A676EDD",
				"814335C5-3F34-46D2-82EE-4CE3A1D95A1A"
			],
			"isa": "PBXGroup",
			"name": "src",
			"sourceTree": "SOURCE_ROOT"
		},
		"A66AD27E-01E9-43F6-9C10-27129A748A15": {
			"fileRef": "71D087B1-FCEF-473D-955B-2C47BF01986F",
			"isa": "PBXBuildFile"
		},
		"A6DFF402-699B-4032-855E-F7D779DE671C": {
			"fileEncoding": "4",
			"isa": "PBXFileReference",
			"lastKnownFileType": "sourcecode.cpp.h",
			"name": "ofxNetworkUtils.h",
			"path": "../../../addons/ofxNetwork/src/ofxNetworkUtils.h",
			"sourceTree": "SOURCE_ROOT"
		},
		"A701CB75-35D0-4DAB-986C-2B4ABFF6D172": {
			"fileEncoding": "4",
			"isa": "PBXFileReference",
			"lastKnownFileType": "sourcecode.cpp.h",
			"name": "ofxButton.h",
			"path": "../../../addons/ofxGui/src/ofxButton.h",
			"sourceTree": "SOURCE_ROOT"
		},
		"A864900C-0613-4964-A071-B5D08B9DA613": {
			"children": [
				"8D82EA1C-EBFD-422F-8630-1B031D0D2DDB"
			],
			"isa": "PBXGroup",
			"name": "ofxSelfOrganizingMap",
			"sourceTree": "SOURCE_ROOT"
		},
		"A8FADAE1-EECE-4308-9A43-C9B1F5F22906": {
			"fileEncoding": "4",
			"isa": "PBXFileReference",
			"lastKnownFileType": "sourcecode.cpp.h",
			"name": "ofxColorPicker.h",
			"path": "../../../addons/ofxGui/src/ofxColorPicker.h",
			"sourceTree": "SOURCE_ROOT"
		},
		"A950C46F-4F41-4CC2-9D73-3EEC163A14B9": {
			"fileEncoding": "4",
			"isa": "PBXFileReference",
			"lastKnownFileType": "sourcecode.cpp.h",
			"name": "Constants.h",
			"path": "src/Constants.h",
			"sourceTree": "SOURCE_ROOT"
		},
		"AA6D2685-C401-4222-AF90-1106EDBC9C70": {
			"fileEncoding": "4",
			"isa": "PBXFileReference",
			"lastKnownFileType": "sourcecode.cpp.h",
			"name": "ofxOscSender.h",
			"path": "../../../addons/ofxOsc/src/ofxOscSender.h",
			"sourceTree": "SOURCE_ROOT"
		},
		"AB092F0D-485F-4307-8755-CFC2068B1B26": {
			"children": [
				"5E3F8ADD-A4E9-411A-8BCC-1D2082F41584",
				"B82D4AA8-6019-49F1-A906-25712A0D15B3",
				"3FECCA5C-A0F0-4E84-AB74-998A954C9EC7",
				"8B4A3742-1D75-4BC4-967D-9BE3071D94C5",
				"7184FA8A-27D6-466C-AD82-6B11722E5212",
				"7B02FEEB-82AA-4747-B9E9-2994A3DFD599"
			],
			"isa": "PBXGroup",
			"name": "src",
			"sourceTree": "SOURCE_ROOT"
		},
		"ADBA97CD-0F0F-4333-9C31-C377565A76A8": {
			"fileEncoding": "4",
			"isa": "PBXFileReference",
			"lastKnownFileType": "sourcecode.cpp.cpp",
			"name": "ofxToggle.cpp",
			"path": "../../../addons/ofxGui/src/ofxToggle.cpp",
			"sourceTree": "SOURCE_ROOT"
		},
		"ADD37910-B93B-45CE-B87B-AAD4EFC2D699": {
			"fileRef": "12752943-8C95-437E-8082-4B4F3B56D208",
			"isa": "PBXBuildFile"
		},
		"ADDD69FB-426C-400D-A1B5-7D6D524DF40B": {
			"fileRef": "7CFAFB09-B466-4229-8396-A1D67762F353",
			"isa": "PBXBuildFile"
		},
		"B217FE93-4761-4CCF-BA82-169652087BCA": {
			"fileEncoding": "4",
			"isa": "PBXFileReference",
			"lastKnownFileType": "sourcecode.cpp.cpp",
			"name": "OscReceivedElements.cpp",
			"path": "../../../addons/ofxOsc/libs/oscpack/src/osc/OscReceivedElements.cpp",
			"sourceTree": "SOURCE_ROOT"
		},
		"B3C58179-4090-4799-ABFA-DB4DB98D1AA3": {
			"fileEncoding": "4",
			"isa": "PBXFileReference",
			"lastKnownFileType": "sourcecode.cpp.h",
			"name": "OpticalFlowShader.h",
			"path": "../../../addons/ofxRenderer/src/shaders/OpticalFlowShader.h",
			"sourceTree": "SOURCE_ROOT"
		},
		"B45E9FB7-7718-4E1B-B97C-083B29156320": {
			"fileEncoding": "4",
			"isa": "PBXFileReference",
			"lastKnownFileType": "sourcecode.cpp.cpp",
			"name": "ofxBaseGui.cpp",
			"path": "../../../addons/ofxGui/src/ofxBaseGui.cpp",
			"sourceTree": "SOURCE_ROOT"
		},
		"B4B4AAFD-DF05-4955-899B-405850312A8F": {
			"fileRef": "217498BD-DFEA-43EF-8392-185C3A6684B3",
			"isa": "PBXBuildFile"
		},
		"B5816715-1FB8-49D5-8D4F-D75B28BBBD35": {
			"children": [
				"D3B51A8A-20C8-4437-BDFB-0CA7F700E6D4",
				"71D087B1-FCEF-473D-955B-2C47BF01986F",
				"6AE64C46-C85A-40F7-A2F5-2277E62992CD",
				"38530B17-3C26-45D6-AC28-8BEDCBB4E32B",
				"9FC443DE-4474-42B9-987B-5B5181E64CB7",
				"75D7BAB9-FE9E-4CA7-A845-C67AF2A82974",
				"F8B56BA7-9697-4B38-B00D-88439F62C47C",
				"E546F9C7-A85B-4979-9A56-9C2338EC581E"
			],
			"isa": "PBXGroup",
			"name": "src",
			"sourceTree": "SOURCE_ROOT"
		},
		"B7AD8498-C4CE-4EC8-8D3A-2E097703D103": {
			"children": [
				"A3DD4B48-4D48-4C80-8C14-6760A22E491C"
			],
			"isa": "PBXGroup",
			"name": "ofxAudioData",
			"sourceTree": "SOURCE_ROOT"
		},
		"B82D4AA8-6019-49F1-A906-25712A0D15B3": {
			"fileEncoding": "4",
			"isa": "PBXFileReference",
			"lastKnownFileType": "sourcecode.cpp.h",
			"name": "PingPongRenderer.h",
			"path": "../../../addons/ofxRenderer/src/PingPongRenderer.h",
			"sourceTree": "SOURCE_ROOT"
		},
		"B9D65C97-80F9-40A9-97F0-3241CFE96935": {
			"fileEncoding": "4",
			"isa": "PBXFileReference",
			"lastKnownFileType": "sourcecode.cpp.h",
			"name": "MultiplyColorShader.h",
			"path": "../../../addons/ofxRenderer/src/shaders/MultiplyColorShader.h",
			"sourceTree": "SOURCE_ROOT"
		},
		"BB4B014C10F69532006C3DED": {
			"children": [
				"1F095357-41E9-49FC-8C35-88E219272274",
				"8C284F6D-62C0-4F15-A46A-B02DB7273023",
				"5BBA5DD0-9443-406C-A2AE-302D0DC8181E",
				"35F9B3E3-22E7-49E9-BAC0-1BBF8DC78C7A",
				"B7AD8498-C4CE-4EC8-8D3A-2E097703D103",
				"C2D2FD3D-713F-4DFD-B803-F30E38B2DE70",
				"0D63BDD1-8671-499C-9781-79AE7DC91D4E",
				"A864900C-0613-4964-A071-B5D08B9DA613",
				"C19EF739-A24C-4E68-9900-F3DC7BE25C16"
			],
			"isa": "PBXGroup",
			"name": "addons",
			"path": "../../../addons",
			"sourceTree": "SOURCE_ROOT"
		},
		"BC6028DC-AF0D-456E-8E0A-E8B72C340A42": {
			"fileEncoding": "4",
			"isa": "PBXFileReference",
			"lastKnownFileType": "sourcecode.cpp.h",
			"name": "IpEndpointName.h",
			"path": "../../../addons/ofxOsc/libs/oscpack/src/ip/IpEndpointName.h",
			"sourceTree": "SOURCE_ROOT"
		},
		"C19EF739-A24C-4E68-9900-F3DC7BE25C16": {
			"children": [
				"B5816715-1FB8-49D5-8D4F-D75B28BBBD35"
			],
			"isa": "PBXGroup",
			"name": "ofxTimeMeasurements",
			"sourceTree": "SOURCE_ROOT"
		},
		"C2D2FD3D-713F-4DFD-B803-F30E38B2DE70": {
			"children": [
				"6C69BED8-55A7-4F44-ABDB-D1B07798AFDA"
			],
			"isa": "PBXGroup",
			"name": "ofxGui",
			"sourceTree": "SOURCE_ROOT"
		},
		"C4FE2E50-478A-4F78-A63D-FE1F7D31BA7A": {
			"fileEncoding": "4",
			"isa": "PBXFileReference",
			"lastKnownFileType": "sourcecode.cpp.h",
			"name": "SubtractDivergenceShader.h",
			"path": "../../../addons/ofxRenderer/src/fluid/SubtractDivergenceShader.h",
			"sourceTree": "SOURCE_ROOT"
		},
		"C52CA12A-49C3-40A7-BFCC-21D4C7E156F9": {
			"fileEncoding": "4",
			"isa": "PBXFileReference",
			"lastKnownFileType": "sourcecode.cpp.cpp",
			"name": "Processor.cpp",
			"path": "../../../addons/ofxAudioData/src/Processor.cpp",
			"sourceTree": "SOURCE_ROOT"
		},
		"C6F121B0-8551-4AF8-93F1-43BA0548C426": {
			"fileEncoding": "4",
			"isa": "PBXFileReference",
			"lastKnownFileType": "sourcecode.cpp.h",
			"name": "BaseClient.hpp",
			"path": "../../../addons/ofxAudioAnalysisClient/src/BaseClient.hpp",
			"sourceTree": "SOURCE_ROOT"
		},
		"C8E35847-89A3-4192-A7F2-26EFEEEAEB04": {
			"fileRef": "1BAF10ED-6E7B-4631-BA09-67B7A33D1679",
			"isa": "PBXBuildFile"
		},
		"C984486E-D22E-4918-A54A-5C2C46E6C35D": {
			"fileEncoding": "4",
			"isa": "PBXFileReference",
			"lastKnownFileType": "sourcecode.cpp.cpp",
			"name": "ofxColorPicker.cpp",
			"path": "../../../addons/ofxGui/src/ofxColorPicker.cpp",
			"sourceTree": "SOURCE_ROOT"
		},
		"CA2851C8-55E3-4F4A-85DD-07BA7DFA7016": {
			"fileEncoding": "4",
			"isa": "PBXFileReference",
			"lastKnownFileType": "sourcecode.cpp.h",
			"name": "OscPrintReceivedElements.h",
			"path": "../../../addons/ofxOsc/libs/oscpack/src/osc/OscPrintReceivedElements.h",
			"sourceTree": "SOURCE_ROOT"
		},
		"CBB3FBDD-02DF-4A9A-8F6D-4728C14584B5": {
			"children": [
				"CF58129C-A28A-413C-B56E-DBBE3BFC3126",
				"0D6C3E40-8388-4343-B29E-21058627538F"
			],
			"isa": "PBXGroup",
			"name": "src",
			"sourceTree": "SOURCE_ROOT"
		},
		"CCA5A4A8-7385-4BB4-B7E2-EF780568403B": {
			"fileRef": "82CB8549-BAF4-45DE-BBDB-B9E4E03990B7",
			"isa": "PBXBuildFile"
		},
		"CD103589-386E-46BA-9576-68B1E431A99F": {
			"children": [
				"52D34342-1D39-481C-A432-FB3CE087D2A7",
				"23FCF2BD-2B8A-43AF-BAD1-2A1E05FE077E",
				"DFCDD9A1-B7CC-437A-BE9C-7E2F8FA2F08D",
				"D1FC3CFE-507D-45F2-A5D3-502EA3F2EAE6",
				"68C9A328-BE15-4576-8D02-013EDFBDF053",
				"EDAA8EEF-366C-4CD7-8143-65B43492BE99",
				"5BB0FE73-F56F-407E-8399-8927D7FC40FD",
				"CA2851C8-55E3-4F4A-85DD-07BA7DFA7016",
				"B217FE93-4761-4CCF-BA82-169652087BCA",
				"F0032A73-2432-4AB0-B44C-6E18F4F6A35D",
				"FC37E6FE-27F4-4F56-84A4-D9AE16AFDD9B",
				"24A6DF89-90AA-4548-B582-A610FE91A597"
			],
			"isa": "PBXGroup",
			"name": "osc",
			"sourceTree": "SOURCE_ROOT"
		},
		"CD547E1C-2089-44DF-940C-71E1D77A001A": {
			"fileEncoding": "4",
			"isa": "PBXFileReference",
			"lastKnownFileType": "folder",
			"path": "bin/data",
			"sourceTree": "SOURCE_ROOT"
		},
		"CDA2C45B-17F6-4B2A-82A0-ADB0FD26DCAB": {
			"fileEncoding": "4",
			"isa": "PBXFileReference",
			"lastKnownFileType": "sourcecode.cpp.h",
			"name": "VorticityRenderer.h",
			"path": "../../../addons/ofxRenderer/src/fluid/VorticityRenderer.h",
			"sourceTree": "SOURCE_ROOT"
		},
		"CF58129C-A28A-413C-B56E-DBBE3BFC3126": {
			"fileEncoding": "4",
			"isa": "PBXFileReference",
			"lastKnownFileType": "sourcecode.cpp.cpp",
			"name": "ofxHistoryPlot.cpp",
			"path": "../../../addons/ofxHistoryPlot/src/ofxHistoryPlot.cpp",
			"sourceTree": "SOURCE_ROOT"
		},
		"D1FC3CFE-507D-45F2-A5D3-502EA3F2EAE6": {
			"fileEncoding": "4",
			"isa": "PBXFileReference",
			"lastKnownFileType": "sourcecode.cpp.cpp",
			"name": "OscOutboundPacketStream.cpp",
			"path": "../../../addons/ofxOsc/libs/oscpack/src/osc/OscOutboundPacketStream.cpp",
			"sourceTree": "SOURCE_ROOT"
		},
		"D349DC38-2126-45C3-84D8-7AA05C9BAA97": {
			"fileEncoding": "4",
			"isa": "PBXFileReference",
			"lastKnownFileType": "sourcecode.cpp.h",
			"name": "GaussianYBlurShader.h",
			"path": "../../../addons/ofxRenderer/src/shaders/GaussianYBlurShader.h",
			"sourceTree": "SOURCE_ROOT"
		},
		"D35BFA19-9EED-48FB-81DD-272A3D5AFF11": {
			"fileEncoding": "4",
			"isa": "PBXFileReference",
			"lastKnownFileType": "sourcecode.cpp.h",
			"name": "AddRadialImpulseShader.h",
			"path": "../../../addons/ofxRenderer/src/fluid/AddRadialImpulseShader.h",
			"sourceTree": "SOURCE_ROOT"
		},
		"D3706300-2534-4466-8765-827BB9688458": {
			"fileEncoding": "4",
			"isa": "PBXFileReference",
			"lastKnownFileType": "sourcecode.cpp.h",
			"name": "ApplyVorticityForceShader.h",
			"path": "../../../addons/ofxRenderer/src/fluid/ApplyVorticityForceShader.h",
			"sourceTree": "SOURCE_ROOT"
		},
		"D3B51A8A-20C8-4437-BDFB-0CA7F700E6D4": {
			"fileEncoding": "4",
			"isa": "PBXFileReference",
			"lastKnownFileType": "sourcecode.cpp.h",
			"name": "GL_Measurement.h",
			"path": "../../../addons/ofxTimeMeasurements/src/GL_Measurement.h",
			"sourceTree": "SOURCE_ROOT"
		},
		"D4A52FBB-0467-48AF-BFE1-245D2F0CE545": {
			"fileEncoding": "4",
			"isa": "PBXFileReference",
			"lastKnownFileType": "sourcecode.cpp.h",
			"name": "MaskShader.h",
			"path": "../../../addons/ofxRenderer/src/shaders/MaskShader.h",
			"sourceTree": "SOURCE_ROOT"
		},
		"D4BBEDA8-CCB5-4E59-9774-39D3C1729C54": {
			"fileEncoding": "4",
			"isa": "PBXFileReference",
			"lastKnownFileType": "sourcecode.cpp.h",
			"name": "ofxLabel.h",
			"path": "../../../addons/ofxGui/src/ofxLabel.h",
			"sourceTree": "SOURCE_ROOT"
		},
		"D7BEFD1B-4858-4E77-9B27-7FEFD8CC778C": {
			"fileEncoding": "4",
			"isa": "PBXFileReference",
			"lastKnownFileType": "sourcecode.cpp.h",
			"name": "ofxOscBundle.h",
			"path": "../../../addons/ofxOsc/src/ofxOscBundle.h",
			"sourceTree": "SOURCE_ROOT"
		},
		"D98E6E37-DC22-4AB1-B5EC-35631E46EDBC": {
			"fileEncoding": "4",
			"isa": "PBXFileReference",
			"lastKnownFileType": "sourcecode.cpp.h",
			"name": "AddTextureShader.h",
			"path": "../../../addons/ofxRenderer/src/shaders/AddTextureShader.h",
			"sourceTree": "SOURCE_ROOT"
		},
		"D9F34619-8EA0-4E0D-A245-E62D17F88FAB": {
			"fileEncoding": "4",
			"isa": "PBXFileReference",
			"lastKnownFileType": "sourcecode.cpp.h",
			"name": "ofxToggle.h",
			"path": "../../../addons/ofxGui/src/ofxToggle.h",
			"sourceTree": "SOURCE_ROOT"
		},
		"DA8D7E89-EC16-4141-AACD-0A4AE1F48701": {
			"fileEncoding": "4",
			"isa": "PBXFileReference",
			"lastKnownFileType": "sourcecode.cpp.cpp",
			"name": "ofxSlider.cpp",
			"path": "../../../addons/ofxGui/src/ofxSlider.cpp",
			"sourceTree": "SOURCE_ROOT"
		},
		"DAE66218-2892-4B0E-BCBF-F8A1439E8318": {
			"fileEncoding": "4",
			"isa": "PBXFileReference",
			"lastKnownFileType": "sourcecode.cpp.h",
			"name": "ofxOscArg.h",
			"path": "../../../addons/ofxOsc/src/ofxOscArg.h",
			"sourceTree": "SOURCE_ROOT"
		},
		"DCBB30B7-2945-4E5F-9913-4EEB7EA959C2": {
			"fileEncoding": "4",
			"isa": "PBXFileReference",
			"lastKnownFileType": "sourcecode.cpp.cpp",
			"name": "SpectrumPlots.cpp",
			"path": "../../../addons/ofxAudioData/src/SpectrumPlots.cpp",
			"sourceTree": "SOURCE_ROOT"
		},
		"DEC01D17-C258-4B37-B575-0511580AB320": {
			"fileEncoding": "4",
			"isa": "PBXFileReference",
			"lastKnownFileType": "sourcecode.cpp.h",
			"name": "ofxGuiGroup.h",
			"path": "../../../addons/ofxGui/src/ofxGuiGroup.h",
			"sourceTree": "SOURCE_ROOT"
		},
		"DF82F3CB-68AF-4813-96AB-A958146EBCC2": {
			"fileRef": "6428AB39-75A0-4026-934A-F5E95222F6A8",
			"isa": "PBXBuildFile"
		},
		"DFB15148-E412-4BC7-955D-8C93E81C788F": {
			"fileRef": "C984486E-D22E-4918-A54A-5C2C46E6C35D",
			"isa": "PBXBuildFile"
		},
		"DFCDD9A1-B7CC-437A-BE9C-7E2F8FA2F08D": {
			"fileEncoding": "4",
			"isa": "PBXFileReference",
			"lastKnownFileType": "sourcecode.cpp.h",
			"name": "OscHostEndianness.h",
			"path": "../../../addons/ofxOsc/libs/oscpack/src/osc/OscHostEndianness.h",
			"sourceTree": "SOURCE_ROOT"
		},
		"E1B2C396-F336-4825-808F-14EB11F24561": {
			"fileEncoding": "4",
			"isa": "PBXFileReference",
			"lastKnownFileType": "sourcecode.cpp.h",
			"name": "GaussianXBlurShader.h",
			"path": "../../../addons/ofxRenderer/src/shaders/GaussianXBlurShader.h",
			"sourceTree": "SOURCE_ROOT"
		},
		"E42962A92163ECCD00A6A9E2": {
			"alwaysOutOfDate": "1",
			"buildActionMask": "2147483647",
			"files": [],
			"inputPaths": [],
			"isa": "PBXShellScriptBuildPhase",
			"name": "Run Script — Compile OF",
			"outputPaths": [],
			"runOnlyForDeploymentPostprocessing": "0",
			"shellPath": "/bin/sh",
			"shellScript": "echo \"💾 Compiling Openframeworks\"\nxcodebuild -project \"$OF_PATH/libs/openFrameworksCompiled/project/osx/openFrameworksLib.xcodeproj\" -target openFrameworks -configuration \"${CONFIGURATION}\"  CLANG_CXX_LANGUAGE_STANDARD=$CLANG_CXX_LANGUAGE_STANDARD MACOSX_DEPLOYMENT_TARGET=$MACOSX_DEPLOYMENT_TARGET GCC_PREPROCESSOR_DEFINITIONS='$USER_PREPROCESSOR_DEFINITIONS'\n",
			"showEnvVarsInLog": "0"
		},
		"E4A5B60F29BAAAE400C2D356": {
			"buildActionMask": "2147483647",
			"dstPath": "",
			"dstSubfolderSpec": "6",
			"files": [],
			"isa": "PBXCopyFilesBuildPhase",
			"runOnlyForDeploymentPostprocessing": "0"
		},
		"E4B69B4A0A3A1720003C02F2": {
			"children": [
				"191CD6FA2847E21E0085CBB6",
				"E4B6FCAD0C3E899E008CF71C",
				"E4EB6923138AFD0F00A09F29",
				"E4B69E1C0A3A1BDC003C02F2",
				"191EF70929D778A400F35F26",
				"BB4B014C10F69532006C3DED",
				"E4B69B5B0A3A1756003C02F2",
				"CD547E1C-2089-44DF-940C-71E1D77A001A"
			],
			"isa": "PBXGroup",
			"sourceTree": "<group>"
		},
		"E4B69B4C0A3A1720003C02F2": {
			"attributes": {
				"BuildIndependentTargetsInParallel": "YES",
				"LastUpgradeCheck": "1540"
			},
			"buildConfigurationList": "E4B69B4D0A3A1720003C02F2",
			"compatibilityVersion": "Xcode 3.2",
			"developmentRegion": "en",
			"hasScannedForEncodings": "0",
			"isa": "PBXProject",
			"knownRegions": [
				"en",
				"Base"
			],
			"mainGroup": "E4B69B4A0A3A1720003C02F2",
			"productRefGroup": "E4B69B4A0A3A1720003C02F2",
			"projectDirPath": "",
			"projectRoot": "",
			"targets": [
				"E4B69B5A0A3A1756003C02F2"
			]
		},
		"E4B69B4D0A3A1720003C02F2": {
			"buildConfigurations": [
				"E4B69B4E0A3A1720003C02F2",
				"E4B69B4F0A3A1720003C02F2"
			],
			"defaultConfigurationIsVisible": "0",
			"defaultConfigurationName": "Release",
			"isa": "XCConfigurationList"
		},
		"E4B69B4E0A3A1720003C02F2": {
			"baseConfigurationReference": "E4EB6923138AFD0F00A09F29",
			"buildSettings": {
				"CODE_SIGN_ENTITLEMENTS": "of.entitlements",
				"COPY_PHASE_STRIP": "NO",
				"ENABLE_TESTABILITY": "YES",
				"GCC_OPTIMIZATION_LEVEL": "0",
				"GCC_WARN_UNUSED_VARIABLE": "NO",
				"HEADER_SEARCH_PATHS": [
					"$(OF_CORE_HEADERS)",
					"src"
				],
				"OTHER_CPLUSPLUSFLAGS": "-D__MACOSX_CORE__"
			},
			"isa": "XCBuildConfiguration",
			"name": "Debug"
		},
		"E4B69B4F0A3A1720003C02F2": {
			"baseConfigurationReference": "E4EB6923138AFD0F00A09F29",
			"buildSettings": {
				"CODE_SIGN_ENTITLEMENTS": "of.entitlements",
				"COPY_PHASE_STRIP": "YES",
				"GCC_OPTIMIZATION_LEVEL": "3",
				"GCC_UNROLL_LOOPS": "YES",
				"HEADER_SEARCH_PATHS": [
					"$(OF_CORE_HEADERS)",
					"src"
				],
				"OTHER_CPLUSPLUSFLAGS": "-D__MACOSX_CORE__"
			},
			"isa": "XCBuildConfiguration",
			"name": "Release"
		},
		"E4B69B580A3A1756003C02F2": {
			"buildActionMask": "2147483647",
			"files": [
				"E4B69E200A3A1BDC003C02F2",
				"E4B69E210A3A1BDC003C02F2",
				"C8E35847-89A3-4192-A7F2-26EFEEEAEB04",
				"8974D3C9-6C07-4590-8CA5-67BFC0926E04",
				"1232EBDE-FC15-42C0-AA66-E834F37038F0",
				"E4EACA38-F2CA-47CF-AC0D-71323A52CB9F",
				"47F77D71-F4EE-4818-AD84-BE64E5138B7E",
				"855DB520-24E3-4B06-B9E6-5FFB78950C73",
				"CCA5A4A8-7385-4BB4-B7E2-EF780568403B",
				"81BB8D34-C141-40A8-828F-C78242DCD049",
				"631F655F-29BB-41D9-8C90-275C373F94E5",
				"5FA9C244-6577-44B4-8B5F-AC1E1FB42B65",
				"4D77EE51-2DAE-454F-89C3-505F5D6F0E3B",
				"F06A815C-D323-4946-A762-47468D760C1F",
				"DF82F3CB-68AF-4813-96AB-A958146EBCC2",
				"06B7FA10-D667-4E57-B06F-2E71440428F5",
				"99F27951-D0D4-466F-BBDF-500122AC731F",
				"7468B8FA-8B99-495A-9866-3CAE1E4EDF37",
				"855EEA77-A559-4BA6-B59D-FA6CA0C7457C",
				"65982BC0-259B-4437-B562-1485C424BB31",
				"1AFCE63D-6723-40EA-AD41-C4E880D1DC47",
				"ADD37910-B93B-45CE-B87B-AAD4EFC2D699",
				"A12C6C06-420C-49E3-9DBB-9F027EF4D0AC",
				"7C667FFB-6AC4-4A8E-A379-63552FF65B39",
				"44C7FCAA-5E92-4F3B-9CC0-09485C142B62",
				"585E3A1A-CB89-4CFF-91D1-67ECBB52661F",
				"47BD94A1-E449-4F25-A18E-7A355CB5F4CF",
				"7823EAF8-85FA-4428-B166-CFBD912FA64B",
				"DFB15148-E412-4BC7-955D-8C93E81C788F",
				"615B9031-BEA0-4E3D-8CA1-E49FC23509F2",
				"84821308-26F5-4377-A91B-1AAF416F5EB5",
				"64D2EA96-5EBA-492C-BFE2-EF32A4205911",
				"8209E62F-EFA1-4033-98B3-F75B730BC4BD",
				"EAFEB0B1-85D5-4C5A-9522-499D42EF2C09",
				"B4B4AAFD-DF05-4955-899B-405850312A8F",
				"EAB5C958-36D3-4F7D-AAF6-A4E6CD8C5BB8",
				"ADDD69FB-426C-400D-A1B5-7D6D524DF40B",
				"A66AD27E-01E9-43F6-9C10-27129A748A15",
				"5CC948C2-F47C-4665-A266-46C5D636A023",
				"234B5428-471D-49B8-9032-69A3C752F3A6"
			],
			"isa": "PBXSourcesBuildPhase",
			"runOnlyForDeploymentPostprocessing": "0"
		},
		"E4B69B590A3A1756003C02F2": {
			"buildActionMask": "2147483647",
			"files": [],
			"isa": "PBXFrameworksBuildPhase",
			"runOnlyForDeploymentPostprocessing": "0"
		},
		"E4B69B5A0A3A1756003C02F2": {
			"buildConfigurationList": "E4B69B5F0A3A1757003C02F2",
			"buildPhases": [
				"E42962A92163ECCD00A6A9E2",
				"E4B69B580A3A1756003C02F2",
				"E4B69B590A3A1756003C02F2",
				"E4C2427710CC5ABF004149E2",
				"E4A5B60F29BAAAE400C2D356",
				"19B789C429E5AB4A0082E9B8"
			],
			"buildRules": [],
			"dependencies": [],
			"isa": "PBXNativeTarget",
			"name": "musicclustering",
			"productName": "myOFApp",
			"productReference": "E4B69B5B0A3A1756003C02F2",
			"productType": "com.apple.product-type.application"
		},
		"E4B69B5B0A3A1756003C02F2": {
			"explicitFileType": "wrapper.application",
			"includeInIndex": "0",
			"isa": "PBXFileReference",
			"path": "musicclusteringDebug.app",
			"sourceTree": "BUILT_PRODUCTS_DIR"
		},
		"E4B69B5F0A3A1757003C02F2": {
			"buildConfigurations": [
				"E4B69B600A3A1757003C02F2",
				"E4B69B610A3A1757003C02F2"
			],
			"defaultConfigurationIsVisible": "0",
			"defaultConfigurationName": "Release",
			"isa": "XCConfigurationList"
		},
		"E4B69B600A3A1757003C02F2": {
			"baseConfigurationReference": "E4EB6923138AFD0F00A09F29",
			"buildSettings": {
				"ARCHS": "$(ARCHS_STANDARD)",
				"COPY_PHASE_STRIP": "NO",
				"FRAMEWORK_SEARCH_PATHS": "$(inherited)",
				"GCC_DYNAMIC_NO_PIC": "NO",
				"GCC_PREPROCESSOR_DEFINITIONS": [
					"USE_OFX_HISTORYPLOT"
				],
				"HEADER_SEARCH_PATHS": [
					"$(OF_CORE_HEADERS)",
					"src",
					"src",
					"../../../addons/ofxNetwork/src",
					"../../../addons/ofxOsc/libs",
					"../../../addons/ofxOsc/libs/oscpack",
					"../../../addons/ofxOsc/libs/oscpack/src",
					"../../../addons/ofxOsc/libs/oscpack/src/ip",
					"../../../addons/ofxOsc/libs/oscpack/src/ip/posix",
					"../../../addons/ofxOsc/libs/oscpack/src/osc",
					"../../../addons/ofxOsc/src",
					"../../../addons/ofxHistoryPlot/src",
					"../../../addons/ofxAudioAnalysisClient/libs",
					"../../../addons/ofxAudioAnalysisClient/src",
					"../../../addons/ofxAudioData/libs",
					"../../../addons/ofxAudioData/src",
					"../../../addons/ofxGui/src",
					"../../../addons/ofxRenderer/libs",
					"../../../addons/ofxRenderer/src",
					"../../../addons/ofxRenderer/src/fluid",
					"../../../addons/ofxRenderer/src/renderers",
					"../../../addons/ofxRenderer/src/shaders",
					"../../../addons/ofxSelfOrganizingMap/src",
					"../../../addons/ofxTimeMeasurements/src"
				],
				"LIBRARY_SEARCH_PATHS": "$(inherited)",
				"OTHER_LDFLAGS": [
					"$(OF_CORE_LIBS)",
					"$(OF_CORE_FRAMEWORKS)",
					"$(LIB_OF_DEBUG)"
				]
			},
			"isa": "XCBuildConfiguration",
			"name": "Debug"
		},
		"E4B69B610A3A1757003C02F2": {
			"baseConfigurationReference": "E4EB6923138AFD0F00A09F29",
			"buildSettings": {
				"ARCHS": "$(ARCHS_STANDARD)",
				"COPY_PHASE_STRIP": "YES",
				"FRAMEWORK_SEARCH_PATHS": "$(inherited)",
				"GCC_PREPROCESSOR_DEFINITIONS": [
					"USE_OFX_HISTORYPLOT"
				],
				"HEADER_SEARCH_PATHS": [
					"$(OF_CORE_HEADERS)",
					"src",
					"src",
					"../../../addons/ofxNetwork/src",
					"../../../addons/ofxOsc/libs",
					"../../../addons/ofxOsc/libs/oscpack",
					"../../../addons/ofxOsc/libs/oscpack/src",
					"../../../addons/ofxOsc/libs/oscpack/src/ip",
					"../../../addons/ofxOsc/libs/oscpack/src/ip/posix",
					"../../../addons/ofxOsc/libs/oscpack/src/osc",
					"../../../addons/ofxOsc/src",
					"../../../addons/ofxHistoryPlot/src",
					"../../../addons/ofxAudioAnalysisClient/libs",
					"../../../addons/ofxAudioAnalysisClient/src",
					"../../../addons/ofxAudioData/libs",
					"../../../addons/ofxAudioData/src",
					"../../../addons/ofxGui/src",
					"../../../addons/ofxRenderer/libs",
					"../../../addons/ofxRenderer/src",
					"../../../addons/ofxRenderer/src/fluid",
					"../../../addons/ofxRenderer/src/renderers",
					"../../../addons/ofxRenderer/src/shaders",
					"../../../addons/ofxSelfOrganizingMap/src",
					"../../../addons/ofxTimeMeasurements/src"
				],
				"LIBRARY_SEARCH_PATHS": "$(inherited)",
				"OTHER_LDFLAGS": [
					"$(OF_CORE_LIBS)",
					"$(OF_CORE_FRAMEWORKS)",
					"$(LIB_OF)"
				],
				"baseConfigurationReference": "E4EB6923138AFD0F00A09F29"
			},
			"isa": "XCBuildConfiguration",
			"name": "Release"
		},
		"E4B69E1C0A3A1BDC003C02F2": {
			"children": [
				"E4B69E1D0A3A1BDC003C02F2",
				"E4B69E1E0A3A1BDC003C02F2",
				"E4B69E1F0A3A1BDC003C02F2",
				"A950C46F-4F41-4CC2-9D73-3EEC163A14B9",
				"55112180-7FDF-4C90-971F-D2F2CC1DC266"
			],
			"isa": "PBXGroup",
			"path": "src",
			"sourceTree": "SOURCE_ROOT"
		},
		"E4B69E1D0A3A1BDC003C02F2": {
			"fileEncoding": "4",
			"isa": "PBXFileReference",
			"lastKnownFileType": "sourcecode.cpp.cpp",
			"name": "main.cpp",
			"path": "src/main.cpp",
			"sourceTree": "SOURCE_ROOT"
		},
		"E4B69E1E0A3A1BDC003C02F2": {
			"explicitFileType": "sourcecode.cpp.cpp",
			"fileEncoding": "4",
			"isa": "PBXFileReference",
			"name": "ofApp.cpp",
			"path": "src/ofApp.cpp",
			"sourceTree": "SOURCE_ROOT"
		},
		"E4B69E1F0A3A1BDC003C02F2": {
			"fileEncoding": "4",
			"isa": "PBXFileReference",
			"lastKnownFileType": "sourcecode.c.h",
			"name": "ofApp.h",
			"path": "src/ofApp.h",
			"sourceTree": "SOURCE_ROOT"
		},
		"E4B69E200A3A1BDC003C02F2": {
			"fileRef": "E4B69E1D0A3A1BDC003C02F2",
			"isa": "PBXBuildFile"
		},
		"E4B69E210A3A1BDC003C02F2": {
			"fileRef": "E4B69E1E0A3A1BDC003C02F2",
			"isa": "PBXBuildFile"
		},
		"E4B6FCAD0C3E899E008CF71C": {
			"fileEncoding": "4",
			"isa": "PBXFileReference",
			"lastKnownFileType": "text.plist.xml",
			"path": "openFrameworks-Info.plist",
			"sourceTree": "<group>"
		},
		"E4C2427710CC5ABF004149E2": {
			"buildActionMask": "2147483647",
			"dstPath": "",
			"dstSubfolderSpec": "10",
			"files": [],
			"isa": "PBXCopyFilesBuildPhase",
			"runOnlyForDeploymentPostprocessing": "0"
		},
		"E4EACA38-F2CA-47CF-AC0D-71323A52CB9F": {
			"fileRef": "50576268-7973-4163-A2F7-33189898D920",
			"isa": "PBXBuildFile"
		},
		"E4EB6923138AFD0F00A09F29": {
			"fileEncoding": "4",
			"isa": "PBXFileReference",
			"lastKnownFileType": "text.xcconfig",
			"path": "Project.xcconfig",
			"sourceTree": "<group>"
		},
		"E546F9C7-A85B-4979-9A56-9C2338EC581E": {
			"fileEncoding": "4",
			"isa": "PBXFileReference",
			"lastKnownFileType": "sourcecode.cpp.h",
			"name": "ofxTimeMeasurementsScoped.h",
			"path": "../../../addons/ofxTimeMeasurements/src/ofxTimeMeasurementsScoped.h",
			"sourceTree": "SOURCE_ROOT"
		},
		"E5893E60-9FED-495B-ACEE-0517AC53316B": {
			"fileEncoding": "4",
			"isa": "PBXFileReference",
			"lastKnownFileType": "sourcecode.cpp.h",
			"name": "ofxGui.h",
			"path": "../../../addons/ofxGui/src/ofxGui.h",
			"sourceTree": "SOURCE_ROOT"
		},
		"EAB5C958-36D3-4F7D-AAF6-A4E6CD8C5BB8": {
			"fileRef": "ADBA97CD-0F0F-4333-9C31-C377565A76A8",
			"isa": "PBXBuildFile"
		},
		"EAFEB0B1-85D5-4C5A-9522-499D42EF2C09": {
			"fileRef": "DA8D7E89-EC16-4141-AACD-0A4AE1F48701",
			"isa": "PBXBuildFile"
		},
		"EC1648CB-B14B-4D8F-AC5F-E229A3F5CE3B": {
			"children": [
				"82CB8549-BAF4-45DE-BBDB-B9E4E03990B7",
				"77CB640D-D8E1-4C6F-87CB-FAD20768C8F6"
			],
			"isa": "PBXGroup",
			"name": "posix",
			"sourceTree": "SOURCE_ROOT"
		},
		"EDAA8EEF-366C-4CD7-8143-65B43492BE99": {
			"fileEncoding": "4",
			"isa": "PBXFileReference",
			"lastKnownFileType": "sourcecode.cpp.h",
			"name": "OscPacketListener.h",
			"path": "../../../addons/ofxOsc/libs/oscpack/src/osc/OscPacketListener.h",
			"sourceTree": "SOURCE_ROOT"
		},
		"F0032A73-2432-4AB0-B44C-6E18F4F6A35D": {
			"fileEncoding": "4",
			"isa": "PBXFileReference",
			"lastKnownFileType": "sourcecode.cpp.h",
			"name": "OscReceivedElements.h",
			"path": "../../../addons/ofxOsc/libs/oscpack/src/osc/OscReceivedElements.h",
			"sourceTree": "SOURCE_ROOT"
		},
		"F06A815C-D323-4946-A762-47468D760C1F": {
			"fileRef": "FC37E6FE-27F4-4F56-84A4-D9AE16AFDD9B",
			"isa": "PBXBuildFile"
		},
		"F1C5F0A5-911F-44C0-8E68-C07323E09178": {
			"fileEncoding": "4",
			"isa": "PBXFileReference",
			"lastKnownFileType": "sourcecode.cpp.h",
			"name": "ofxGuiUtils.h",
			"path": "../../../addons/ofxGui/src/ofxGuiUtils.h",
			"sourceTree": "SOURCE_ROOT"
		},
		"F49C4D14-874D-4FC0-9B3F-3CC70EE67FE3": {
			"fileEncoding": "4",
			"isa": "PBXFileReference",
			"lastKnownFileType": "sourcecode.cpp.h",
			"name": "ofxUDPSettings.h",
			"path": "../../../addons/ofxNetwork/src/ofxUDPSettings.h",
			"sourceTree": "SOURCE_ROOT"
		},
		"F61FB49E-836F-4FDB-B4DB-E175E4631C89": {
			"fileEncoding": "4",
			"isa": "PBXFileReference",
			"lastKnownFileType": "sourcecode.cpp.h",
			"name": "ofxSliderGroup.h",
			"path": "../../../addons/ofxGui/src/ofxSliderGroup.h",
			"sourceTree": "SOURCE_ROOT"
		},
		"F8322200-3CD4-46AD-90F4-EA709A676EDD": {
			"fileEncoding": "4",
			"isa": "PBXFileReference",
			"lastKnownFileType": "sourcecode.cpp.h",
			"name": "SpectrumPlots.hpp",
			"path": "../../../addons/ofxAudioData/src/SpectrumPlots.hpp",
			"sourceTree": "SOURCE_ROOT"
		},
		"F8B56BA7-9697-4B38-B00D-88439F62C47C": {
			"fileEncoding": "4",
			"isa": "PBXFileReference",
			"lastKnownFileType": "sourcecode.cpp.cpp",
			"name": "ofxTimeMeasurementsScoped.cpp",
			"path": "../../../addons/ofxTimeMeasurements/src/ofxTimeMeasurementsScoped.cpp",
			"sourceTree": "SOURCE_ROOT"
		},
		"FC37E6FE-27F4-4F56-84A4-D9AE16AFDD9B": {
			"fileEncoding": "4",
			"isa": "PBXFileReference",
			"lastKnownFileType": "sourcecode.cpp.cpp",
			"name": "OscTypes.cpp",
			"path": "../../../addons/ofxOsc/libs/oscpack/src/osc/OscTypes.cpp",
			"sourceTree": "SOURCE_ROOT"
		},
		"FD94C42B-9DA0-47FB-9437-D9BB22791F0F": {
			"fileEncoding": "4",
			"isa": "PBXFileReference",
			"lastKnownFileType": "sourcecode.cpp.h",
			"name": "NetworkingUtils.h",
			"path": "../../../addons/ofxOsc/libs/oscpack/src/ip/NetworkingUtils.h",
			"sourceTree": "SOURCE_ROOT"
		},
		"FDADA1FE-AB72-445B-8163-49D68B4AA305": {
			"fileEncoding": "4",
			"isa": "PBXFileReference",
			"lastKnownFileType": "sourcecode.cpp.cpp",
			"name": "ofxOscParameterSync.cpp",
			"path": "../../../addons/ofxOsc/src/ofxOscParameterSync.cpp",
			"sourceTree": "SOURCE_ROOT"
		},
		"FF306F33-543E-4883-A97A-1DB3D53B349F": {
			"fileEncoding": "4",
			"isa": "PBXFileReference",
			"lastKnownFileType": "sourcecode.cpp.h",
			"name": "ofxOsc.h",
			"path": "../../../addons/ofxOsc/src/ofxOsc.h",
			"sourceTree": "SOURCE_ROOT"
		},
		"FFB21329-6969-4D63-8421-C78FD7E87C82": {
			"children": [
				"FF306F33-543E-4883-A97A-1DB3D53B349F",
				"DAE66218-2892-4B0E-BCBF-F8A1439E8318",
				"6428AB39-75A0-4026-934A-F5E95222F6A8",
				"D7BEFD1B-4858-4E77-9B27-7FEFD8CC778C",
				"3FECF23E-6DC3-4F0A-A461-B4003756B6B2",
				"9B508861-9685-4442-A5F4-626B30DB8584",
				"FDADA1FE-AB72-445B-8163-49D68B4AA305",
				"5B1EC945-E2FE-45A8-96B3-1C50A89D30A6",
				"6EF6AB5E-E5F7-4AE1-8367-393B89D4F287",
				"0B92C4FB-8234-4BA9-8ECC-3337437F9FE2",
				"4DB1A7A9-4C15-4C9D-B565-92496F767E4C",
				"AA6D2685-C401-4222-AF90-1106EDBC9C70"
			],
			"isa": "PBXGroup",
			"name": "src",
			"sourceTree": "SOURCE_ROOT"
		}
	},
	"openFrameworksProjectGeneratorVersion": "34",
	"rootObject": "E4B69B4C0A3A1720003C02F2"
}